
Microsoft Visual Studio Solution File, Format Version 12.00
# Visual Studio 15
VisualStudioVersion = 15.0.27703.2047
MinimumVisualStudioVersion = 10.0.40219.1
Project("{FAE04EC0-301F-11D3-BF4B-00C04F79EFBC}") = "WebPresentation", "WebPresentation\WebPresentation.csproj", "{2E9C90F7-4092-43C3-9FBB-F9BC965B9368}"
EndProject
Project("{2150E333-8FDC-42A3-9474-1A3956D46DE8}") = "Entity", "Entity", "{7CF77133-4C6F-43B2-8B30-6335E8843141}"
EndProject
Project("{FAE04EC0-301F-11D3-BF4B-00C04F79EFBC}") = "BusinessEntity", "BusinessEntity\BusinessEntity.csproj", "{863BB0B8-FF45-4340-8627-6506BD149E38}"
EndProject
Global
	GlobalSection(SolutionConfigurationPlatforms) = preSolution
		Debug|Any CPU = Debug|Any CPU
		Release|Any CPU = Release|Any CPU
	EndGlobalSection
	GlobalSection(ProjectConfigurationPlatforms) = postSolution
		{2E9C90F7-4092-43C3-9FBB-F9BC965B9368}.Debug|Any CPU.ActiveCfg = Debug|Any CPU
		{2E9C90F7-4092-43C3-9FBB-F9BC965B9368}.Debug|Any CPU.Build.0 = Debug|Any CPU
		{2E9C90F7-4092-43C3-9FBB-F9BC965B9368}.Release|Any CPU.ActiveCfg = Release|Any CPU
		{2E9C90F7-4092-43C3-9FBB-F9BC965B9368}.Release|Any CPU.Build.0 = Release|Any CPU
		{863BB0B8-FF45-4340-8627-6506BD149E38}.Debug|Any CPU.ActiveCfg = Debug|Any CPU
		{863BB0B8-FF45-4340-8627-6506BD149E38}.Debug|Any CPU.Build.0 = Debug|Any CPU
		{863BB0B8-FF45-4340-8627-6506BD149E38}.Release|Any CPU.ActiveCfg = Release|Any CPU
		{863BB0B8-FF45-4340-8627-6506BD149E38}.Release|Any CPU.Build.0 = Release|Any CPU
	EndGlobalSection
	GlobalSection(SolutionProperties) = preSolution
		HideSolutionNode = FALSE
	EndGlobalSection
	GlobalSection(NestedProjects) = preSolution
		{863BB0B8-FF45-4340-8627-6506BD149E38} = {7CF77133-4C6F-43B2-8B30-6335E8843141}
	EndGlobalSection
	GlobalSection(ExtensibilityGlobals) = postSolution
		SolutionGuid = {58F9E021-EE0F-43F1-8383-C983F8C00EC0}
	EndGlobalSection
EndGlobal
